
Microsoft Visual Studio Solution File, Format Version 12.00
# Visual Studio Version 17
VisualStudioVersion = 17.4.33205.214
MinimumVisualStudioVersion = 10.0.40219.1
Project("{8BC9CEB8-8B4A-11D0-8D11-00A0C91BC942}") = "CppCLR_WinForms_GUI1", "CppCLR_WinForms_GUI1\CppCLR_WinForms_GUI1.vcxproj", "{3B5825D2-FD2F-43ED-AD21-CF09220F59FC}"
EndProject
Global
	GlobalSection(SolutionConfigurationPlatforms) = preSolution
		Debug|x64 = Debug|x64
		Debug|x86 = Debug|x86
		Release|x64 = Release|x64
		Release|x86 = Release|x86
	EndGlobalSection
	GlobalSection(ProjectConfigurationPlatforms) = postSolution
		{3B5825D2-FD2F-43ED-AD21-CF09220F59FC}.Debug|x64.ActiveCfg = Debug|x64
		{3B5825D2-FD2F-43ED-AD21-CF09220F59FC}.Debug|x64.Build.0 = Debug|x64
		{3B5825D2-FD2F-43ED-AD21-CF09220F59FC}.Debug|x86.ActiveCfg = Debug|Win32
		{3B5825D2-FD2F-43ED-AD21-CF09220F59FC}.Debug|x86.Build.0 = Debug|Win32
		{3B5825D2-FD2F-43ED-AD21-CF09220F59FC}.Release|x64.ActiveCfg = Release|x64
		{3B5825D2-FD2F-43ED-AD21-CF09220F59FC}.Release|x64.Build.0 = Release|x64
		{3B5825D2-FD2F-43ED-AD21-CF09220F59FC}.Release|x86.ActiveCfg = Release|Win32
		{3B5825D2-FD2F-43ED-AD21-CF09220F59FC}.Release|x86.Build.0 = Release|Win32
	EndGlobalSection
	GlobalSection(SolutionProperties) = preSolution
		HideSolutionNode = FALSE
	EndGlobalSection
	GlobalSection(ExtensibilityGlobals) = postSolution
		SolutionGuid = {5064EA24-EBF5-4E04-9F74-9D80D187B22E}
	EndGlobalSection
EndGlobal
